
Microsoft Visual Studio Solution File, Format Version 12.00
# Visual Studio 2013
VisualStudioVersion = 12.0.40629.0
MinimumVisualStudioVersion = 10.0.40219.1
Project("{E24C65DC-7377-472B-9ABA-BC803B73C61A}") = "fatimah", "http://localhost:31133", "{D26B9871-E02D-416F-AE87-C041C74A2BDC}"
	ProjectSection(WebsiteProperties) = preProject
		UseIISExpress = "true"
		TargetFrameworkMoniker = ".NETFramework,Version%3Dv4.5"
		Debug.AspNetCompiler.VirtualPath = "/localhost_31133"
		Debug.AspNetCompiler.PhysicalPath = "..\..\..\..\..\Sandbox\fatimah\"
		Debug.AspNetCompiler.TargetPath = "PrecompiledWeb\localhost_31133\"
		Debug.AspNetCompiler.Updateable = "true"
		Debug.AspNetCompiler.ForceOverwrite = "true"
		Debug.AspNetCompiler.FixedNames = "false"
		Debug.AspNetCompiler.Debug = "True"
		Release.AspNetCompiler.VirtualPath = "/localhost_31133"
		Release.AspNetCompiler.PhysicalPath = "..\..\..\..\..\Sandbox\fatimah\"
		Release.AspNetCompiler.TargetPath = "PrecompiledWeb\localhost_31133\"
		Release.AspNetCompiler.Updateable = "true"
		Release.AspNetCompiler.ForceOverwrite = "true"
		Release.AspNetCompiler.FixedNames = "false"
		Release.AspNetCompiler.Debug = "False"
		SlnRelativePath = "..\..\..\..\..\Sandbox\fatimah\"
		DefaultWebSiteLanguage = "Visual C#"
	EndProjectSection
EndProject
Global
	GlobalSection(SolutionConfigurationPlatforms) = preSolution
		Debug|Any CPU = Debug|Any CPU
	EndGlobalSection
	GlobalSection(ProjectConfigurationPlatforms) = postSolution
		{D26B9871-E02D-416F-AE87-C041C74A2BDC}.Debug|Any CPU.ActiveCfg = Debug|Any CPU
		{D26B9871-E02D-416F-AE87-C041C74A2BDC}.Debug|Any CPU.Build.0 = Debug|Any CPU
	EndGlobalSection
	GlobalSection(SolutionProperties) = preSolution
		HideSolutionNode = FALSE
	EndGlobalSection
EndGlobal
